# THIS IS AN AUTOGENERATED FILE. DO NOT EDIT THIS FILE DIRECTLY.
# yarn lockfile v1


"@babel/runtime@^7.20.6":
  version "7.20.13"
  resolved "https://registry.yarnpkg.com/@babel/runtime/-/runtime-7.20.13.tgz#7055ab8a7cff2b8f6058bf6ae45ff84ad2aded4b"
  integrity sha512-gt3PKXs0DBoL9xCvOIIZ2NEqAGZqHjAnmVbfQtB620V0uReIQutpel14KcneZuer7UioY8ALKZ7iocavvzTNFA==
  dependencies:
    regenerator-runtime "^0.13.11"

"@mui/icons-material@^5.11.0":
  version "5.11.0"
  resolved "https://registry.yarnpkg.com/@mui/icons-material/-/icons-material-5.11.0.tgz#9ea6949278b2266d2683866069cd43009eaf6464"
  integrity sha512-I2LaOKqO8a0xcLGtIozC9xoXjZAto5G5gh0FYUMAlbsIHNHIjn4Xrw9rvjY20vZonyiGrZNMAlAXYkY6JvhF6A==
  dependencies:
    "@babel/runtime" "^7.20.6"

regenerator-runtime@^0.13.11:
  version "0.13.11"
  resolved "https://registry.yarnpkg.com/regenerator-runtime/-/regenerator-runtime-0.13.11.tgz#f6dca3e7ceec20590d07ada785636a90cdca17f9"
  integrity sha512-kY1AZVr2Ra+t+piVaJ4gxaFaReZVH40AKNo7UCX6W+dEwBo/2oZJzqfuN1qLq1oL45o56cPaTXELwrTh8Fpggg==
